PODS:
  - DZSwipeViewController (0.1.0)
  - FBSnapshotTestCase (1.6)

DEPENDENCIES:
  - DZSwipeViewController (from `../`)
  - FBSnapshotTestCase

EXTERNAL SOURCES:
  DZSwipeViewController:
    :path: ../

SPEC CHECKSUMS:
  DZSwipeViewController: 091233eb3f2fca5cfb0e104aaf7c2b05f206e455
  FBSnapshotTestCase: 9d5fe43b29ae3a0ed8fc829477971b281038f748

COCOAPODS: 0.35.0.rc2
