PODS:
  - DZSwipeViewController (0.1.0)
  - FBSnapshotTestCase (1.6)

DEPENDENCIES:
  - DZSwipeViewController (from `../`)
  - FBSnapshotTestCase

EXTERNAL SOURCES:
  DZSwipeViewController:
    :path: ../

SPEC CHECKSUMS:
  DZSwipeViewController: df475239653a9cf95a7ed8cde5ef7d1fcbe64861
  FBSnapshotTestCase: 9d5fe43b29ae3a0ed8fc829477971b281038f748

COCOAPODS: 0.35.0.rc2
